// !$*UTF8*$!
{
	archiveVersion = 1;
	classes = {
	};
	objectVersion = 46;
	objects = {

/* Begin PBXBuildFile section */
		17B5C001ADB930FBF57DB8E5 /* navigationbar_set@2x.png in Resources */ = {isa = PBXBuildFile; fileRef = 17B5C2948443F27B1610BEA7 /* navigationbar_set@2x.png */; };
		17B5C0A613D3CAF7B1372DD4 /* navigationbar_background.png in Resources */ = {isa = PBXBuildFile; fileRef = 17B5C25B2932AB11812889A9 /* navigationbar_background.png */; };
		17B5C1DF1C5DD2C64121C004 /* navigationbar_center@2x.png in Resources */ = {isa = PBXBuildFile; fileRef = 17B5C1272887DED5D8007EA5 /* navigationbar_center@2x.png */; };
		17B5C2EAE0DEDC0397AFE6E5 /* navigationbar_right.png in Resources */ = {isa = PBXBuildFile; fileRef = 17B5CDF51EDA582F5150C0A4 /* navigationbar_right.png */; };
		17B5C2F06E08BC72D0F37D73 /* navigationbar_left.png in Resources */ = {isa = PBXBuildFile; fileRef = 17B5C1748E403829C7191697 /* navigationbar_left.png */; };
		17B5C3E96E59B32E3F6982BF /* navigationbar.png in Resources */ = {isa = PBXBuildFile; fileRef = 17B5CC217228A8A221E55A5B /* navigationbar.png */; };
		17B5C5251FEB9930F08A5C14 /* navigationbar@2x.png in Resources */ = {isa = PBXBuildFile; fileRef = 17B5CBD440A65A23FCD28A39 /* navigationbar@2x.png */; };
		17B5C53FFBADE194A2E13631 /* navigationbar_center.png in Resources */ = {isa = PBXBuildFile; fileRef = 17B5C9007E0CBA50D6CEAA60 /* navigationbar_center.png */; };
		17B5CB9F1C37BCD4131C3FC2 /* navigationbar_left@2x.png in Resources */ = {isa = PBXBuildFile; fileRef = 17B5C1A8F791A1F73F8C49B6 /* navigationbar_left@2x.png */; };
		17B5CE020B61CCE4E0CB02F4 /* navigationbar_right@2x.png in Resources */ = {isa = PBXBuildFile; fileRef = 17B5C6C6B8AFAACBFCF76710 /* navigationbar_right@2x.png */; };
		73A9E4F9167AF4C5003A5FBD /* UIKit.framework in Frameworks */ = {isa = PBXBuildFile; fileRef = 73A9E4F8167AF4C5003A5FBD /* UIKit.framework */; };
		73A9E4FB167AF4C5003A5FBD /* Foundation.framework in Frameworks */ = {isa = PBXBuildFile; fileRef = 73A9E4FA167AF4C5003A5FBD /* Foundation.framework */; };
		73A9E4FD167AF4C5003A5FBD /* CoreGraphics.framework in Frameworks */ = {isa = PBXBuildFile; fileRef = 73A9E4FC167AF4C5003A5FBD /* CoreGraphics.framework */; };
		73A9E503167AF4C5003A5FBD /* InfoPlist.strings in Resources */ = {isa = PBXBuildFile; fileRef = 73A9E501167AF4C5003A5FBD /* InfoPlist.strings */; };
		73A9E505167AF4C5003A5FBD /* main.m in Sources */ = {isa = PBXBuildFile; fileRef = 73A9E504167AF4C5003A5FBD /* main.m */; };
		73A9E509167AF4C5003A5FBD /* AppDelegate.m in Sources */ = {isa = PBXBuildFile; fileRef = 73A9E508167AF4C5003A5FBD /* AppDelegate.m */; };
		73A9E50B167AF4C5003A5FBD /* Default.png in Resources */ = {isa = PBXBuildFile; fileRef = 73A9E50A167AF4C5003A5FBD /* Default.png */; };
		73A9E50D167AF4C5003A5FBD /* Default@2x.png in Resources */ = {isa = PBXBuildFile; fileRef = 73A9E50C167AF4C5003A5FBD /* Default@2x.png */; };
		73A9E50F167AF4C5003A5FBD /* Default-568h@2x.png in Resources */ = {isa = PBXBuildFile; fileRef = 73A9E50E167AF4C5003A5FBD /* Default-568h@2x.png */; };
		73A9E512167AF4C5003A5FBD /* MainStoryboard.storyboard in Resources */ = {isa = PBXBuildFile; fileRef = 73A9E510167AF4C5003A5FBD /* MainStoryboard.storyboard */; };
		73A9E515167AF4C5003A5FBD /* ViewController.m in Sources */ = {isa = PBXBuildFile; fileRef = 73A9E514167AF4C5003A5FBD /* ViewController.m */; };
		73A9E571167AF4DC003A5FBD /* CalendarGridView.m in Sources */ = {isa = PBXBuildFile; fileRef = 73A9E51E167AF4DC003A5FBD /* CalendarGridView.m */; };
		73A9E572167AF4DC003A5FBD /* CalendarScrollView.m in Sources */ = {isa = PBXBuildFile; fileRef = 73A9E520167AF4DC003A5FBD /* CalendarScrollView.m */; };
		73A9E573167AF4DC003A5FBD /* CalendarView.m in Sources */ = {isa = PBXBuildFile; fileRef = 73A9E522167AF4DC003A5FBD /* CalendarView.m */; };
		73A9E574167AF4DC003A5FBD /* CalendarView.xib in Resources */ = {isa = PBXBuildFile; fileRef = 73A9E523167AF4DC003A5FBD /* CalendarView.xib */; };
		73A9E575167AF4DC003A5FBD /* CalendarViewFooterView.m in Sources */ = {isa = PBXBuildFile; fileRef = 73A9E527167AF4DC003A5FBD /* CalendarViewFooterView.m */; };
		73A9E576167AF4DC003A5FBD /* CalendarViewHeaderView.m in Sources */ = {isa = PBXBuildFile; fileRef = 73A9E529167AF4DC003A5FBD /* CalendarViewHeaderView.m */; };
		73A9E577167AF4DC003A5FBD /* bg_calendar@2x.png in Resources */ = {isa = PBXBuildFile; fileRef = 73A9E52D167AF4DC003A5FBD /* bg_calendar@2x.png */; };
		73A9E578167AF4DC003A5FBD /* bg_calendar_footer@2x.png in Resources */ = {isa = PBXBuildFile; fileRef = 73A9E52E167AF4DC003A5FBD /* bg_calendar_footer@2x.png */; };
		73A9E579167AF4DC003A5FBD /* bg_calendar_header@2x.png in Resources */ = {isa = PBXBuildFile; fileRef = 73A9E52F167AF4DC003A5FBD /* bg_calendar_header@2x.png */; };
		73A9E57A167AF4DC003A5FBD /* bg_calendar_week_header@2x.png in Resources */ = {isa = PBXBuildFile; fileRef = 73A9E530167AF4DC003A5FBD /* bg_calendar_week_header@2x.png */; };
		73A9E57B167AF4DC003A5FBD /* bg_grid@2x.png in Resources */ = {isa = PBXBuildFile; fileRef = 73A9E531167AF4DC003A5FBD /* bg_grid@2x.png */; };
		73A9E57C167AF4DC003A5FBD /* btn_choose_date_left_arrow@2x.png in Resources */ = {isa = PBXBuildFile; fileRef = 73A9E532167AF4DC003A5FBD /* btn_choose_date_left_arrow@2x.png */; };
		73A9E57D167AF4DC003A5FBD /* btn_choose_date_left_arrow_highlight@2x.png in Resources */ = {isa = PBXBuildFile; fileRef = 73A9E533167AF4DC003A5FBD /* btn_choose_date_left_arrow_highlight@2x.png */; };
		73A9E57E167AF4DC003A5FBD /* btn_choose_date_right_arrow@2x.png in Resources */ = {isa = PBXBuildFile; fileRef = 73A9E534167AF4DC003A5FBD /* btn_choose_date_right_arrow@2x.png */; };
		73A9E57F167AF4DC003A5FBD /* btn_choose_date_right_arrow_highlight@2x.png in Resources */ = {isa = PBXBuildFile; fileRef = 73A9E535167AF4DC003A5FBD /* btn_choose_date_right_arrow_highlight@2x.png */; };
		73A9E580167AF4DC003A5FBD /* btn_choose_departure_date@2x.png in Resources */ = {isa = PBXBuildFile; fileRef = 73A9E536167AF4DC003A5FBD /* btn_choose_departure_date@2x.png */; };
		73A9E581167AF4DC003A5FBD /* btn_chose_date@2x.png in Resources */ = {isa = PBXBuildFile; fileRef = 73A9E537167AF4DC003A5FBD /* btn_chose_date@2x.png */; };
		73A9E582167AF4DC003A5FBD /* btn_chose_date_highlight@2x.png in Resources */ = {isa = PBXBuildFile; fileRef = 73A9E538167AF4DC003A5FBD /* btn_chose_date_highlight@2x.png */; };
		73A9E583167AF4DC003A5FBD /* btn_close_date@2x.png in Resources */ = {isa = PBXBuildFile; fileRef = 73A9E539167AF4DC003A5FBD /* btn_close_date@2x.png */; };
		73A9E584167AF4DC003A5FBD /* btn_close_date_hihglight@2x.png in Resources */ = {isa = PBXBuildFile; fileRef = 73A9E53A167AF4DC003A5FBD /* btn_close_date_hihglight@2x.png */; };
		73A9E585167AF4DC003A5FBD /* btn_grid@2x.png in Resources */ = {isa = PBXBuildFile; fileRef = 73A9E53B167AF4DC003A5FBD /* btn_grid@2x.png */; };
		73A9E586167AF4DC003A5FBD /* btn_grid_cell@2x.png in Resources */ = {isa = PBXBuildFile; fileRef = 73A9E53C167AF4DC003A5FBD /* btn_grid_cell@2x.png */; };
		73A9E587167AF4DC003A5FBD /* btn_grid_cell_highlight@2x.png in Resources */ = {isa = PBXBuildFile; fileRef = 73A9E53D167AF4DC003A5FBD /* btn_grid_cell_highlight@2x.png */; };
		73A9E588167AF4DC003A5FBD /* btn_grid_cell_selected@2x.png in Resources */ = {isa = PBXBuildFile; fileRef = 73A9E53E167AF4DC003A5FBD /* btn_grid_cell_selected@2x.png */; };
		73A9E589167AF4DC003A5FBD /* btn_grid_highlight@2x.png in Resources */ = {isa = PBXBuildFile; fileRef = 73A9E53F167AF4DC003A5FBD /* btn_grid_highlight@2x.png */; };
		73A9E58A167AF4DC003A5FBD /* btn_grid_selected@2x.png in Resources */ = {isa = PBXBuildFile; fileRef = 73A9E540167AF4DC003A5FBD /* btn_grid_selected@2x.png */; };
		73A9E58B167AF4DC003A5FBD /* btn_next_month@2x.png in Resources */ = {isa = PBXBuildFile; fileRef = 73A9E541167AF4DC003A5FBD /* btn_next_month@2x.png */; };
		73A9E58C167AF4DC003A5FBD /* btn_next_month_highlight@2x.png in Resources */ = {isa = PBXBuildFile; fileRef = 73A9E542167AF4DC003A5FBD /* btn_next_month_highlight@2x.png */; };
		73A9E58D167AF4DC003A5FBD /* btn_previous_month@2x.png in Resources */ = {isa = PBXBuildFile; fileRef = 73A9E543167AF4DC003A5FBD /* btn_previous_month@2x.png */; };
		73A9E58E167AF4DC003A5FBD /* btn_previous_month_highlight@2x.png in Resources */ = {isa = PBXBuildFile; fileRef = 73A9E544167AF4DC003A5FBD /* btn_previous_month_highlight@2x.png */; };
		73A9E58F167AF4DC003A5FBD /* btn_radio_check_box@2x.png in Resources */ = {isa = PBXBuildFile; fileRef = 73A9E545167AF4DC003A5FBD /* btn_radio_check_box@2x.png */; };
		73A9E590167AF4DC003A5FBD /* btn_radio_check_box_selected@2x.png in Resources */ = {isa = PBXBuildFile; fileRef = 73A9E546167AF4DC003A5FBD /* btn_radio_check_box_selected@2x.png */; };
		73A9E591167AF4DC003A5FBD /* BaseCalendarDisableGridView.m in Sources */ = {isa = PBXBuildFile; fileRef = 73A9E549167AF4DC003A5FBD /* BaseCalendarDisableGridView.m */; };
		73A9E592167AF4DC003A5FBD /* BaseCalendarDisableGridView.xib in Resources */ = {isa = PBXBuildFile; fileRef = 73A9E54A167AF4DC003A5FBD /* BaseCalendarDisableGridView.xib */; };
		73A9E593167AF4DC003A5FBD /* BaseCalendarGridView.m in Sources */ = {isa = PBXBuildFile; fileRef = 73A9E54C167AF4DC003A5FBD /* BaseCalendarGridView.m */; };
		73A9E594167AF4DC003A5FBD /* BaseCalendarGridView.xib in Resources */ = {isa = PBXBuildFile; fileRef = 73A9E54D167AF4DC003A5FBD /* BaseCalendarGridView.xib */; };
		73A9E595167AF4DC003A5FBD /* BaseCalendarViewFooterView.m in Sources */ = {isa = PBXBuildFile; fileRef = 73A9E54F167AF4DC003A5FBD /* BaseCalendarViewFooterView.m */; };
		73A9E596167AF4DC003A5FBD /* BaseCalendarViewFooterView.xib in Resources */ = {isa = PBXBuildFile; fileRef = 73A9E550167AF4DC003A5FBD /* BaseCalendarViewFooterView.xib */; };
		73A9E597167AF4DC003A5FBD /* BaseCalendarViewHeaderView.m in Sources */ = {isa = PBXBuildFile; fileRef = 73A9E552167AF4DC003A5FBD /* BaseCalendarViewHeaderView.m */; };
		73A9E598167AF4DC003A5FBD /* BaseCalendarViewHeaderView.xib in Resources */ = {isa = PBXBuildFile; fileRef = 73A9E553167AF4DC003A5FBD /* BaseCalendarViewHeaderView.xib */; };
		73A9E599167AF4DC003A5FBD /* BaseDataSourceImp.m in Sources */ = {isa = PBXBuildFile; fileRef = 73A9E555167AF4DC003A5FBD /* BaseDataSourceImp.m */; };
		73A9E59A167AF4DC003A5FBD /* TrainCalendarDataSourceImp.m in Sources */ = {isa = PBXBuildFile; fileRef = 73A9E557167AF4DC003A5FBD /* TrainCalendarDataSourceImp.m */; };
		73A9E59B167AF4DC003A5FBD /* CalDay.m in Sources */ = {isa = PBXBuildFile; fileRef = 73A9E55B167AF4DC003A5FBD /* CalDay.m */; };
		73A9E59C167AF4DC003A5FBD /* CalMonth.m in Sources */ = {isa = PBXBuildFile; fileRef = 73A9E55D167AF4DC003A5FBD /* CalMonth.m */; };
		73A9E59D167AF4DC003A5FBD /* DateUtil.m in Sources */ = {isa = PBXBuildFile; fileRef = 73A9E55F167AF4DC003A5FBD /* DateUtil.m */; };
		73A9E59E167AF4DC003A5FBD /* date_selected.png in Resources */ = {isa = PBXBuildFile; fileRef = 73A9E561167AF4DC003A5FBD /* date_selected.png */; };
		73A9E59F167AF4DC003A5FBD /* date_selected@2x.png in Resources */ = {isa = PBXBuildFile; fileRef = 73A9E562167AF4DC003A5FBD /* date_selected@2x.png */; };
		73A9E5A0167AF4DC003A5FBD /* datecell-diable.png in Resources */ = {isa = PBXBuildFile; fileRef = 73A9E563167AF4DC003A5FBD /* datecell-diable.png */; };
		73A9E5A1167AF4DC003A5FBD /* datecell-diable@2x.png in Resources */ = {isa = PBXBuildFile; fileRef = 73A9E564167AF4DC003A5FBD /* datecell-diable@2x.png */; };
		73A9E5A2167AF4DC003A5FBD /* datecell.png in Resources */ = {isa = PBXBuildFile; fileRef = 73A9E565167AF4DC003A5FBD /* datecell.png */; };
		73A9E5A3167AF4DC003A5FBD /* datecell@2x.png in Resources */ = {isa = PBXBuildFile; fileRef = 73A9E566167AF4DC003A5FBD /* datecell@2x.png */; };
		73A9E5A4167AF4DC003A5FBD /* icon_drugcheck_calendar.png in Resources */ = {isa = PBXBuildFile; fileRef = 73A9E567167AF4DC003A5FBD /* icon_drugcheck_calendar.png */; };
		73A9E5A5167AF4DC003A5FBD /* icon_drugcheck_calendar@2x.png in Resources */ = {isa = PBXBuildFile; fileRef = 73A9E568167AF4DC003A5FBD /* icon_drugcheck_calendar@2x.png */; };
		73A9E5A6167AF4DC003A5FBD /* icon_fit_calendar.png in Resources */ = {isa = PBXBuildFile; fileRef = 73A9E569167AF4DC003A5FBD /* icon_fit_calendar.png */; };
		73A9E5A7167AF4DC003A5FBD /* icon_fit_calendar@2x.png in Resources */ = {isa = PBXBuildFile; fileRef = 73A9E56A167AF4DC003A5FBD /* icon_fit_calendar@2x.png */; };
		73A9E5A8167AF4DC003A5FBD /* icon_hospital_calendar.png in Resources */ = {isa = PBXBuildFile; fileRef = 73A9E56B167AF4DC003A5FBD /* icon_hospital_calendar.png */; };
		73A9E5A9167AF4DC003A5FBD /* icon_hospital_calendar@2x.png in Resources */ = {isa = PBXBuildFile; fileRef = 73A9E56C167AF4DC003A5FBD /* icon_hospital_calendar@2x.png */; };
		73A9E5AA167AF4DC003A5FBD /* icon_record_calendar.png in Resources */ = {isa = PBXBuildFile; fileRef = 73A9E56D167AF4DC003A5FBD /* icon_record_calendar.png */; };
		73A9E5AB167AF4DC003A5FBD /* icon_record_calendar@2x.png in Resources */ = {isa = PBXBuildFile; fileRef = 73A9E56E167AF4DC003A5FBD /* icon_record_calendar@2x.png */; };
		73A9E5AC167AF4DC003A5FBD /* todaycell.png in Resources */ = {isa = PBXBuildFile; fileRef = 73A9E56F167AF4DC003A5FBD /* todaycell.png */; };
		73A9E5AD167AF4DC003A5FBD /* todaycell@2x.png in Resources */ = {isa = PBXBuildFile; fileRef = 73A9E570167AF4DC003A5FBD /* todaycell@2x.png */; };
/* End PBXBuildFile section */

/* Begin PBXFileReference section */
		17B5C1272887DED5D8007EA5 /* navigationbar_center@2x.png */ = {isa = PBXFileReference; lastKnownFileType = image.png; path = "navigationbar_center@2x.png"; sourceTree = "<group>"; };
		17B5C1748E403829C7191697 /* navigationbar_left.png */ = {isa = PBXFileReference; lastKnownFileType = image.png; path = navigationbar_left.png; sourceTree = "<group>"; };
		17B5C1A8F791A1F73F8C49B6 /* navigationbar_left@2x.png */ = {isa = PBXFileReference; lastKnownFileType = image.png; path = "navigationbar_left@2x.png"; sourceTree = "<group>"; };
		17B5C25B2932AB11812889A9 /* navigationbar_background.png */ = {isa = PBXFileReference; lastKnownFileType = image.png; path = navigationbar_background.png; sourceTree = "<group>"; };
		17B5C2948443F27B1610BEA7 /* navigationbar_set@2x.png */ = {isa = PBXFileReference; lastKnownFileType = image.png; path = "navigationbar_set@2x.png"; sourceTree = "<group>"; };
		17B5C6C6B8AFAACBFCF76710 /* navigationbar_right@2x.png */ = {isa = PBXFileReference; lastKnownFileType = image.png; path = "navigationbar_right@2x.png"; sourceTree = "<group>"; };
		17B5C9007E0CBA50D6CEAA60 /* navigationbar_center.png */ = {isa = PBXFileReference; lastKnownFileType = image.png; path = navigationbar_center.png; sourceTree = "<group>"; };
		17B5CBD440A65A23FCD28A39 /* navigationbar@2x.png */ = {isa = PBXFileReference; lastKnownFileType = image.png; path = "navigationbar@2x.png"; sourceTree = "<group>"; };
		17B5CC217228A8A221E55A5B /* navigationbar.png */ = {isa = PBXFileReference; lastKnownFileType = image.png; path = navigationbar.png; sourceTree = "<group>"; };
		17B5CDF51EDA582F5150C0A4 /* navigationbar_right.png */ = {isa = PBXFileReference; lastKnownFileType = image.png; path = navigationbar_right.png; sourceTree = "<group>"; };
		73A9E4F4167AF4C5003A5FBD /* ZHJCalendar-sample.app */ = {isa = PBXFileReference; explicitFileType = wrapper.application; includeInIndex = 0; path = "ZHJCalendar-sample.app"; sourceTree = BUILT_PRODUCTS_DIR; };
		73A9E4F8167AF4C5003A5FBD /* UIKit.framework */ = {isa = PBXFileReference; lastKnownFileType = wrapper.framework; name = UIKit.framework; path = System/Library/Frameworks/UIKit.framework; sourceTree = SDKROOT; };
		73A9E4FA167AF4C5003A5FBD /* Foundation.framework */ = {isa = PBXFileReference; lastKnownFileType = wrapper.framework; name = Foundation.framework; path = System/Library/Frameworks/Foundation.framework; sourceTree = SDKROOT; };
		73A9E4FC167AF4C5003A5FBD /* CoreGraphics.framework */ = {isa = PBXFileReference; lastKnownFileType = wrapper.framework; name = CoreGraphics.framework; path = System/Library/Frameworks/CoreGraphics.framework; sourceTree = SDKROOT; };
		73A9E500167AF4C5003A5FBD /* ZHJCalendar-sample-Info.plist */ = {isa = PBXFileReference; lastKnownFileType = text.plist.xml; path = "ZHJCalendar-sample-Info.plist"; sourceTree = "<group>"; };
		73A9E502167AF4C5003A5FBD /* en */ = {isa = PBXFileReference; lastKnownFileType = text.plist.strings; name = en; path = en.lproj/InfoPlist.strings; sourceTree = "<group>"; };
		73A9E504167AF4C5003A5FBD /* main.m */ = {isa = PBXFileReference; lastKnownFileType = sourcecode.c.objc; path = main.m; sourceTree = "<group>"; };
		73A9E506167AF4C5003A5FBD /* ZHJCalendar-sample-Prefix.pch */ = {isa = PBXFileReference; lastKnownFileType = sourcecode.c.h; path = "ZHJCalendar-sample-Prefix.pch"; sourceTree = "<group>"; };
		73A9E507167AF4C5003A5FBD /* AppDelegate.h */ = {isa = PBXFileReference; lastKnownFileType = sourcecode.c.h; path = AppDelegate.h; sourceTree = "<group>"; };
		73A9E508167AF4C5003A5FBD /* AppDelegate.m */ = {isa = PBXFileReference; lastKnownFileType = sourcecode.c.objc; path = AppDelegate.m; sourceTree = "<group>"; };
		73A9E50A167AF4C5003A5FBD /* Default.png */ = {isa = PBXFileReference; lastKnownFileType = image.png; path = Default.png; sourceTree = "<group>"; };
		73A9E50C167AF4C5003A5FBD /* Default@2x.png */ = {isa = PBXFileReference; lastKnownFileType = image.png; path = "Default@2x.png"; sourceTree = "<group>"; };
		73A9E50E167AF4C5003A5FBD /* Default-568h@2x.png */ = {isa = PBXFileReference; lastKnownFileType = image.png; path = "Default-568h@2x.png"; sourceTree = "<group>"; };
		73A9E511167AF4C5003A5FBD /* en */ = {isa = PBXFileReference; lastKnownFileType = file.storyboard; name = en; path = en.lproj/MainStoryboard.storyboard; sourceTree = "<group>"; };
		73A9E513167AF4C5003A5FBD /* ViewController.h */ = {isa = PBXFileReference; lastKnownFileType = sourcecode.c.h; path = ViewController.h; sourceTree = "<group>"; };
		73A9E514167AF4C5003A5FBD /* ViewController.m */ = {isa = PBXFileReference; lastKnownFileType = sourcecode.c.objc; path = ViewController.m; sourceTree = "<group>"; };
		73A9E51D167AF4DC003A5FBD /* CalendarGridView.h */ = {isa = PBXFileReference; fileEncoding = 4; lastKnownFileType = sourcecode.c.h; path = CalendarGridView.h; sourceTree = "<group>"; };
		73A9E51E167AF4DC003A5FBD /* CalendarGridView.m */ = {isa = PBXFileReference; fileEncoding = 4; lastKnownFileType = sourcecode.c.objc; path = CalendarGridView.m; sourceTree = "<group>"; };
		73A9E51F167AF4DC003A5FBD /* CalendarScrollView.h */ = {isa = PBXFileReference; fileEncoding = 4; lastKnownFileType = sourcecode.c.h; path = CalendarScrollView.h; sourceTree = "<group>"; };
		73A9E520167AF4DC003A5FBD /* CalendarScrollView.m */ = {isa = PBXFileReference; fileEncoding = 4; lastKnownFileType = sourcecode.c.objc; path = CalendarScrollView.m; sourceTree = "<group>"; };
		73A9E521167AF4DC003A5FBD /* CalendarView.h */ = {isa = PBXFileReference; fileEncoding = 4; lastKnownFileType = sourcecode.c.h; path = CalendarView.h; sourceTree = "<group>"; };
		73A9E522167AF4DC003A5FBD /* CalendarView.m */ = {isa = PBXFileReference; fileEncoding = 4; lastKnownFileType = sourcecode.c.objc; path = CalendarView.m; sourceTree = "<group>"; };
		73A9E523167AF4DC003A5FBD /* CalendarView.xib */ = {isa = PBXFileReference; fileEncoding = 4; lastKnownFileType = file.xib; path = CalendarView.xib; sourceTree = "<group>"; };
		73A9E524167AF4DC003A5FBD /* CalendarViewDataSource.h */ = {isa = PBXFileReference; fileEncoding = 4; lastKnownFileType = sourcecode.c.h; path = CalendarViewDataSource.h; sourceTree = "<group>"; };
		73A9E525167AF4DC003A5FBD /* CalendarViewDelegate.h */ = {isa = PBXFileReference; fileEncoding = 4; lastKnownFileType = sourcecode.c.h; path = CalendarViewDelegate.h; sourceTree = "<group>"; };
		73A9E526167AF4DC003A5FBD /* CalendarViewFooterView.h */ = {isa = PBXFileReference; fileEncoding = 4; lastKnownFileType = sourcecode.c.h; path = CalendarViewFooterView.h; sourceTree = "<group>"; };
		73A9E527167AF4DC003A5FBD /* CalendarViewFooterView.m */ = {isa = PBXFileReference; fileEncoding = 4; lastKnownFileType = sourcecode.c.objc; path = CalendarViewFooterView.m; sourceTree = "<group>"; };
		73A9E528167AF4DC003A5FBD /* CalendarViewHeaderView.h */ = {isa = PBXFileReference; fileEncoding = 4; lastKnownFileType = sourcecode.c.h; path = CalendarViewHeaderView.h; sourceTree = "<group>"; };
		73A9E529167AF4DC003A5FBD /* CalendarViewHeaderView.m */ = {isa = PBXFileReference; fileEncoding = 4; lastKnownFileType = sourcecode.c.objc; path = CalendarViewHeaderView.m; sourceTree = "<group>"; };
		73A9E52A167AF4DC003A5FBD /* Enum.h */ = {isa = PBXFileReference; fileEncoding = 4; lastKnownFileType = sourcecode.c.h; path = Enum.h; sourceTree = "<group>"; };
		73A9E52B167AF4DC003A5FBD /* Enum.h */ = {isa = PBXFileReference; fileEncoding = 4; lastKnownFileType = sourcecode.c.h; path = Enum.h; sourceTree = "<group>"; };
		73A9E52D167AF4DC003A5FBD /* bg_calendar@2x.png */ = {isa = PBXFileReference; lastKnownFileType = image.png; path = "bg_calendar@2x.png"; sourceTree = "<group>"; };
		73A9E52E167AF4DC003A5FBD /* bg_calendar_footer@2x.png */ = {isa = PBXFileReference; lastKnownFileType = image.png; path = "bg_calendar_footer@2x.png"; sourceTree = "<group>"; };
		73A9E52F167AF4DC003A5FBD /* bg_calendar_header@2x.png */ = {isa = PBXFileReference; lastKnownFileType = image.png; path = "bg_calendar_header@2x.png"; sourceTree = "<group>"; };
		73A9E530167AF4DC003A5FBD /* bg_calendar_week_header@2x.png */ = {isa = PBXFileReference; lastKnownFileType = image.png; path = "bg_calendar_week_header@2x.png"; sourceTree = "<group>"; };
		73A9E531167AF4DC003A5FBD /* bg_grid@2x.png */ = {isa = PBXFileReference; lastKnownFileType = image.png; path = "bg_grid@2x.png"; sourceTree = "<group>"; };
		73A9E532167AF4DC003A5FBD /* btn_choose_date_left_arrow@2x.png */ = {isa = PBXFileReference; lastKnownFileType = image.png; path = "btn_choose_date_left_arrow@2x.png"; sourceTree = "<group>"; };
		73A9E533167AF4DC003A5FBD /* btn_choose_date_left_arrow_highlight@2x.png */ = {isa = PBXFileReference; lastKnownFileType = image.png; path = "btn_choose_date_left_arrow_highlight@2x.png"; sourceTree = "<group>"; };
		73A9E534167AF4DC003A5FBD /* btn_choose_date_right_arrow@2x.png */ = {isa = PBXFileReference; lastKnownFileType = image.png; path = "btn_choose_date_right_arrow@2x.png"; sourceTree = "<group>"; };
		73A9E535167AF4DC003A5FBD /* btn_choose_date_right_arrow_highlight@2x.png */ = {isa = PBXFileReference; lastKnownFileType = image.png; path = "btn_choose_date_right_arrow_highlight@2x.png"; sourceTree = "<group>"; };
		73A9E536167AF4DC003A5FBD /* btn_choose_departure_date@2x.png */ = {isa = PBXFileReference; lastKnownFileType = image.png; path = "btn_choose_departure_date@2x.png"; sourceTree = "<group>"; };
		73A9E537167AF4DC003A5FBD /* btn_chose_date@2x.png */ = {isa = PBXFileReference; lastKnownFileType = image.png; path = "btn_chose_date@2x.png"; sourceTree = "<group>"; };
		73A9E538167AF4DC003A5FBD /* btn_chose_date_highlight@2x.png */ = {isa = PBXFileReference; lastKnownFileType = image.png; path = "btn_chose_date_highlight@2x.png"; sourceTree = "<group>"; };
		73A9E539167AF4DC003A5FBD /* btn_close_date@2x.png */ = {isa = PBXFileReference; lastKnownFileType = image.png; path = "btn_close_date@2x.png"; sourceTree = "<group>"; };
		73A9E53A167AF4DC003A5FBD /* btn_close_date_hihglight@2x.png */ = {isa = PBXFileReference; lastKnownFileType = image.png; path = "btn_close_date_hihglight@2x.png"; sourceTree = "<group>"; };
		73A9E53B167AF4DC003A5FBD /* btn_grid@2x.png */ = {isa = PBXFileReference; lastKnownFileType = image.png; path = "btn_grid@2x.png"; sourceTree = "<group>"; };
		73A9E53C167AF4DC003A5FBD /* btn_grid_cell@2x.png */ = {isa = PBXFileReference; lastKnownFileType = image.png; path = "btn_grid_cell@2x.png"; sourceTree = "<group>"; };
		73A9E53D167AF4DC003A5FBD /* btn_grid_cell_highlight@2x.png */ = {isa = PBXFileReference; lastKnownFileType = image.png; path = "btn_grid_cell_highlight@2x.png"; sourceTree = "<group>"; };
		73A9E53E167AF4DC003A5FBD /* btn_grid_cell_selected@2x.png */ = {isa = PBXFileReference; lastKnownFileType = image.png; path = "btn_grid_cell_selected@2x.png"; sourceTree = "<group>"; };
		73A9E53F167AF4DC003A5FBD /* btn_grid_highlight@2x.png */ = {isa = PBXFileReference; lastKnownFileType = image.png; path = "btn_grid_highlight@2x.png"; sourceTree = "<group>"; };
		73A9E540167AF4DC003A5FBD /* btn_grid_selected@2x.png */ = {isa = PBXFileReference; lastKnownFileType = image.png; path = "btn_grid_selected@2x.png"; sourceTree = "<group>"; };
		73A9E541167AF4DC003A5FBD /* btn_next_month@2x.png */ = {isa = PBXFileReference; lastKnownFileType = image.png; path = "btn_next_month@2x.png"; sourceTree = "<group>"; };
		73A9E542167AF4DC003A5FBD /* btn_next_month_highlight@2x.png */ = {isa = PBXFileReference; lastKnownFileType = image.png; path = "btn_next_month_highlight@2x.png"; sourceTree = "<group>"; };
		73A9E543167AF4DC003A5FBD /* btn_previous_month@2x.png */ = {isa = PBXFileReference; lastKnownFileType = image.png; path = "btn_previous_month@2x.png"; sourceTree = "<group>"; };
		73A9E544167AF4DC003A5FBD /* btn_previous_month_highlight@2x.png */ = {isa = PBXFileReference; lastKnownFileType = image.png; path = "btn_previous_month_highlight@2x.png"; sourceTree = "<group>"; };
		73A9E545167AF4DC003A5FBD /* btn_radio_check_box@2x.png */ = {isa = PBXFileReference; lastKnownFileType = image.png; path = "btn_radio_check_box@2x.png"; sourceTree = "<group>"; };
		73A9E546167AF4DC003A5FBD /* btn_radio_check_box_selected@2x.png */ = {isa = PBXFileReference; lastKnownFileType = image.png; path = "btn_radio_check_box_selected@2x.png"; sourceTree = "<group>"; };
		73A9E548167AF4DC003A5FBD /* BaseCalendarDisableGridView.h */ = {isa = PBXFileReference; fileEncoding = 4; lastKnownFileType = sourcecode.c.h; path = BaseCalendarDisableGridView.h; sourceTree = "<group>"; };
		73A9E549167AF4DC003A5FBD /* BaseCalendarDisableGridView.m */ = {isa = PBXFileReference; fileEncoding = 4; lastKnownFileType = sourcecode.c.objc; path = BaseCalendarDisableGridView.m; sourceTree = "<group>"; };
		73A9E54A167AF4DC003A5FBD /* BaseCalendarDisableGridView.xib */ = {isa = PBXFileReference; fileEncoding = 4; lastKnownFileType = file.xib; path = BaseCalendarDisableGridView.xib; sourceTree = "<group>"; };
		73A9E54B167AF4DC003A5FBD /* BaseCalendarGridView.h */ = {isa = PBXFileReference; fileEncoding = 4; lastKnownFileType = sourcecode.c.h; path = BaseCalendarGridView.h; sourceTree = "<group>"; };
		73A9E54C167AF4DC003A5FBD /* BaseCalendarGridView.m */ = {isa = PBXFileReference; fileEncoding = 4; lastKnownFileType = sourcecode.c.objc; path = BaseCalendarGridView.m; sourceTree = "<group>"; };
		73A9E54D167AF4DC003A5FBD /* BaseCalendarGridView.xib */ = {isa = PBXFileReference; fileEncoding = 4; lastKnownFileType = file.xib; path = BaseCalendarGridView.xib; sourceTree = "<group>"; };
		73A9E54E167AF4DC003A5FBD /* BaseCalendarViewFooterView.h */ = {isa = PBXFileReference; fileEncoding = 4; lastKnownFileType = sourcecode.c.h; path = BaseCalendarViewFooterView.h; sourceTree = "<group>"; };
		73A9E54F167AF4DC003A5FBD /* BaseCalendarViewFooterView.m */ = {isa = PBXFileReference; fileEncoding = 4; lastKnownFileType = sourcecode.c.objc; path = BaseCalendarViewFooterView.m; sourceTree = "<group>"; };
		73A9E550167AF4DC003A5FBD /* BaseCalendarViewFooterView.xib */ = {isa = PBXFileReference; fileEncoding = 4; lastKnownFileType = file.xib; path = BaseCalendarViewFooterView.xib; sourceTree = "<group>"; };
		73A9E551167AF4DC003A5FBD /* BaseCalendarViewHeaderView.h */ = {isa = PBXFileReference; fileEncoding = 4; lastKnownFileType = sourcecode.c.h; path = BaseCalendarViewHeaderView.h; sourceTree = "<group>"; };
		73A9E552167AF4DC003A5FBD /* BaseCalendarViewHeaderView.m */ = {isa = PBXFileReference; fileEncoding = 4; lastKnownFileType = sourcecode.c.objc; path = BaseCalendarViewHeaderView.m; sourceTree = "<group>"; };
		73A9E553167AF4DC003A5FBD /* BaseCalendarViewHeaderView.xib */ = {isa = PBXFileReference; fileEncoding = 4; lastKnownFileType = file.xib; path = BaseCalendarViewHeaderView.xib; sourceTree = "<group>"; };
		73A9E554167AF4DC003A5FBD /* BaseDataSourceImp.h */ = {isa = PBXFileReference; fileEncoding = 4; lastKnownFileType = sourcecode.c.h; path = BaseDataSourceImp.h; sourceTree = "<group>"; };
		73A9E555167AF4DC003A5FBD /* BaseDataSourceImp.m */ = {isa = PBXFileReference; fileEncoding = 4; lastKnownFileType = sourcecode.c.objc; path = BaseDataSourceImp.m; sourceTree = "<group>"; };
		73A9E556167AF4DC003A5FBD /* TrainCalendarDataSourceImp.h */ = {isa = PBXFileReference; fileEncoding = 4; lastKnownFileType = sourcecode.c.h; path = TrainCalendarDataSourceImp.h; sourceTree = "<group>"; };
		73A9E557167AF4DC003A5FBD /* TrainCalendarDataSourceImp.m */ = {isa = PBXFileReference; fileEncoding = 4; lastKnownFileType = sourcecode.c.objc; path = TrainCalendarDataSourceImp.m; sourceTree = "<group>"; };
		73A9E558167AF4DC003A5FBD /* ITTDebug.h */ = {isa = PBXFileReference; fileEncoding = 4; lastKnownFileType = sourcecode.c.h; path = ITTDebug.h; sourceTree = "<group>"; };
		73A9E55A167AF4DC003A5FBD /* CalDay.h */ = {isa = PBXFileReference; fileEncoding = 4; lastKnownFileType = sourcecode.c.h; path = CalDay.h; sourceTree = "<group>"; };
		73A9E55B167AF4DC003A5FBD /* CalDay.m */ = {isa = PBXFileReference; fileEncoding = 4; lastKnownFileType = sourcecode.c.objc; path = CalDay.m; sourceTree = "<group>"; };
		73A9E55C167AF4DC003A5FBD /* CalMonth.h */ = {isa = PBXFileReference; fileEncoding = 4; lastKnownFileType = sourcecode.c.h; path = CalMonth.h; sourceTree = "<group>"; };
		73A9E55D167AF4DC003A5FBD /* CalMonth.m */ = {isa = PBXFileReference; fileEncoding = 4; lastKnownFileType = sourcecode.c.objc; path = CalMonth.m; sourceTree = "<group>"; };
		73A9E55E167AF4DC003A5FBD /* DateUtil.h */ = {isa = PBXFileReference; fileEncoding = 4; lastKnownFileType = sourcecode.c.h; path = DateUtil.h; sourceTree = "<group>"; };
		73A9E55F167AF4DC003A5FBD /* DateUtil.m */ = {isa = PBXFileReference; fileEncoding = 4; lastKnownFileType = sourcecode.c.objc; path = DateUtil.m; sourceTree = "<group>"; };
		73A9E561167AF4DC003A5FBD /* date_selected.png */ = {isa = PBXFileReference; lastKnownFileType = image.png; path = date_selected.png; sourceTree = "<group>"; };
		73A9E562167AF4DC003A5FBD /* date_selected@2x.png */ = {isa = PBXFileReference; lastKnownFileType = image.png; path = "date_selected@2x.png"; sourceTree = "<group>"; };
		73A9E563167AF4DC003A5FBD /* datecell-diable.png */ = {isa = PBXFileReference; lastKnownFileType = image.png; path = "datecell-diable.png"; sourceTree = "<group>"; };
		73A9E564167AF4DC003A5FBD /* datecell-diable@2x.png */ = {isa = PBXFileReference; lastKnownFileType = image.png; path = "datecell-diable@2x.png"; sourceTree = "<group>"; };
		73A9E565167AF4DC003A5FBD /* datecell.png */ = {isa = PBXFileReference; lastKnownFileType = image.png; path = datecell.png; sourceTree = "<group>"; };
		73A9E566167AF4DC003A5FBD /* datecell@2x.png */ = {isa = PBXFileReference; lastKnownFileType = image.png; path = "datecell@2x.png"; sourceTree = "<group>"; };
		73A9E567167AF4DC003A5FBD /* icon_drugcheck_calendar.png */ = {isa = PBXFileReference; lastKnownFileType = image.png; path = icon_drugcheck_calendar.png; sourceTree = "<group>"; };
		73A9E568167AF4DC003A5FBD /* icon_drugcheck_calendar@2x.png */ = {isa = PBXFileReference; lastKnownFileType = image.png; path = "icon_drugcheck_calendar@2x.png"; sourceTree = "<group>"; };
		73A9E569167AF4DC003A5FBD /* icon_fit_calendar.png */ = {isa = PBXFileReference; lastKnownFileType = image.png; path = icon_fit_calendar.png; sourceTree = "<group>"; };
		73A9E56A167AF4DC003A5FBD /* icon_fit_calendar@2x.png */ = {isa = PBXFileReference; lastKnownFileType = image.png; path = "icon_fit_calendar@2x.png"; sourceTree = "<group>"; };
		73A9E56B167AF4DC003A5FBD /* icon_hospital_calendar.png */ = {isa = PBXFileReference; lastKnownFileType = image.png; path = icon_hospital_calendar.png; sourceTree = "<group>"; };
		73A9E56C167AF4DC003A5FBD /* icon_hospital_calendar@2x.png */ = {isa = PBXFileReference; lastKnownFileType = image.png; path = "icon_hospital_calendar@2x.png"; sourceTree = "<group>"; };
		73A9E56D167AF4DC003A5FBD /* icon_record_calendar.png */ = {isa = PBXFileReference; lastKnownFileType = image.png; path = icon_record_calendar.png; sourceTree = "<group>"; };
		73A9E56E167AF4DC003A5FBD /* icon_record_calendar@2x.png */ = {isa = PBXFileReference; lastKnownFileType = image.png; path = "icon_record_calendar@2x.png"; sourceTree = "<group>"; };
		73A9E56F167AF4DC003A5FBD /* todaycell.png */ = {isa = PBXFileReference; lastKnownFileType = image.png; path = todaycell.png; sourceTree = "<group>"; };
		73A9E570167AF4DC003A5FBD /* todaycell@2x.png */ = {isa = PBXFileReference; lastKnownFileType = image.png; path = "todaycell@2x.png"; sourceTree = "<group>"; };
/* End PBXFileReference section */

/* Begin PBXFrameworksBuildPhase section */
		73A9E4F1167AF4C5003A5FBD /* Frameworks */ = {
			isa = PBXFrameworksBuildPhase;
			buildActionMask = 2147483647;
			files = (
				73A9E4F9167AF4C5003A5FBD /* UIKit.framework in Frameworks */,
				73A9E4FB167AF4C5003A5FBD /* Foundation.framework in Frameworks */,
				73A9E4FD167AF4C5003A5FBD /* CoreGraphics.framework in Frameworks */,
			);
			runOnlyForDeploymentPostprocessing = 0;
		};
/* End PBXFrameworksBuildPhase section */

/* Begin PBXGroup section */
		73A9E4E9167AF4C5003A5FBD = {
			isa = PBXGroup;
			children = (
				73A9E4FE167AF4C5003A5FBD /* ZHJCalendar-sample */,
				73A9E4F7167AF4C5003A5FBD /* Frameworks */,
				73A9E4F5167AF4C5003A5FBD /* Products */,
			);
			sourceTree = "<group>";
		};
		73A9E4F5167AF4C5003A5FBD /* Products */ = {
			isa = PBXGroup;
			children = (
				73A9E4F4167AF4C5003A5FBD /* ZHJCalendar-sample.app */,
			);
			name = Products;
			sourceTree = "<group>";
		};
		73A9E4F7167AF4C5003A5FBD /* Frameworks */ = {
			isa = PBXGroup;
			children = (
				73A9E4F8167AF4C5003A5FBD /* UIKit.framework */,
				73A9E4FA167AF4C5003A5FBD /* Foundation.framework */,
				73A9E4FC167AF4C5003A5FBD /* CoreGraphics.framework */,
			);
			name = Frameworks;
			sourceTree = "<group>";
		};
		73A9E4FE167AF4C5003A5FBD /* ZHJCalendar-sample */ = {
			isa = PBXGroup;
			children = (
				73A9E507167AF4C5003A5FBD /* AppDelegate.h */,
				73A9E51B167AF4DC003A5FBD /* ZHJCalendar */,
				73A9E508167AF4C5003A5FBD /* AppDelegate.m */,
				73A9E510167AF4C5003A5FBD /* MainStoryboard.storyboard */,
				73A9E513167AF4C5003A5FBD /* ViewController.h */,
				73A9E514167AF4C5003A5FBD /* ViewController.m */,
				73A9E4FF167AF4C5003A5FBD /* Supporting Files */,
			);
			path = "ZHJCalendar-sample";
			sourceTree = "<group>";
		};
		73A9E4FF167AF4C5003A5FBD /* Supporting Files */ = {
			isa = PBXGroup;
			children = (
				73A9E500167AF4C5003A5FBD /* ZHJCalendar-sample-Info.plist */,
				73A9E501167AF4C5003A5FBD /* InfoPlist.strings */,
				73A9E504167AF4C5003A5FBD /* main.m */,
				73A9E506167AF4C5003A5FBD /* ZHJCalendar-sample-Prefix.pch */,
				73A9E50A167AF4C5003A5FBD /* Default.png */,
				73A9E50C167AF4C5003A5FBD /* Default@2x.png */,
				73A9E50E167AF4C5003A5FBD /* Default-568h@2x.png */,
			);
			name = "Supporting Files";
			sourceTree = "<group>";
		};
		73A9E51B167AF4DC003A5FBD /* ZHJCalendar */ = {
			isa = PBXGroup;
			children = (
				73A9E51C167AF4DC003A5FBD /* Core */,
				73A9E52B167AF4DC003A5FBD /* Enum.h */,
				73A9E52C167AF4DC003A5FBD /* Images */,
				73A9E547167AF4DC003A5FBD /* Imp */,
				73A9E558167AF4DC003A5FBD /* ITTDebug.h */,
				73A9E559167AF4DC003A5FBD /* Model */,
				73A9E560167AF4DC003A5FBD /* Resource */,
			);
			path = ZHJCalendar;
			sourceTree = "<group>";
		};
		73A9E51C167AF4DC003A5FBD /* Core */ = {
			isa = PBXGroup;
			children = (
				73A9E51D167AF4DC003A5FBD /* CalendarGridView.h */,
				73A9E51E167AF4DC003A5FBD /* CalendarGridView.m */,
				73A9E51F167AF4DC003A5FBD /* CalendarScrollView.h */,
				73A9E520167AF4DC003A5FBD /* CalendarScrollView.m */,
				73A9E521167AF4DC003A5FBD /* CalendarView.h */,
				73A9E522167AF4DC003A5FBD /* CalendarView.m */,
				73A9E523167AF4DC003A5FBD /* CalendarView.xib */,
				73A9E524167AF4DC003A5FBD /* CalendarViewDataSource.h */,
				73A9E525167AF4DC003A5FBD /* CalendarViewDelegate.h */,
				73A9E526167AF4DC003A5FBD /* CalendarViewFooterView.h */,
				73A9E527167AF4DC003A5FBD /* CalendarViewFooterView.m */,
				73A9E528167AF4DC003A5FBD /* CalendarViewHeaderView.h */,
				73A9E529167AF4DC003A5FBD /* CalendarViewHeaderView.m */,
				73A9E52A167AF4DC003A5FBD /* Enum.h */,
			);
			path = Core;
			sourceTree = "<group>";
		};
		73A9E52C167AF4DC003A5FBD /* Images */ = {
			isa = PBXGroup;
			children = (
				73A9E52D167AF4DC003A5FBD /* bg_calendar@2x.png */,
				73A9E52E167AF4DC003A5FBD /* bg_calendar_footer@2x.png */,
				73A9E52F167AF4DC003A5FBD /* bg_calendar_header@2x.png */,
				73A9E530167AF4DC003A5FBD /* bg_calendar_week_header@2x.png */,
				73A9E531167AF4DC003A5FBD /* bg_grid@2x.png */,
				73A9E532167AF4DC003A5FBD /* btn_choose_date_left_arrow@2x.png */,
				73A9E533167AF4DC003A5FBD /* btn_choose_date_left_arrow_highlight@2x.png */,
				73A9E534167AF4DC003A5FBD /* btn_choose_date_right_arrow@2x.png */,
				73A9E535167AF4DC003A5FBD /* btn_choose_date_right_arrow_highlight@2x.png */,
				73A9E536167AF4DC003A5FBD /* btn_choose_departure_date@2x.png */,
				73A9E537167AF4DC003A5FBD /* btn_chose_date@2x.png */,
				73A9E538167AF4DC003A5FBD /* btn_chose_date_highlight@2x.png */,
				73A9E539167AF4DC003A5FBD /* btn_close_date@2x.png */,
				73A9E53A167AF4DC003A5FBD /* btn_close_date_hihglight@2x.png */,
				73A9E53B167AF4DC003A5FBD /* btn_grid@2x.png */,
				73A9E53C167AF4DC003A5FBD /* btn_grid_cell@2x.png */,
				73A9E53D167AF4DC003A5FBD /* btn_grid_cell_highlight@2x.png */,
				73A9E53E167AF4DC003A5FBD /* btn_grid_cell_selected@2x.png */,
				73A9E53F167AF4DC003A5FBD /* btn_grid_highlight@2x.png */,
				73A9E540167AF4DC003A5FBD /* btn_grid_selected@2x.png */,
				73A9E541167AF4DC003A5FBD /* btn_next_month@2x.png */,
				73A9E542167AF4DC003A5FBD /* btn_next_month_highlight@2x.png */,
				73A9E543167AF4DC003A5FBD /* btn_previous_month@2x.png */,
				73A9E544167AF4DC003A5FBD /* btn_previous_month_highlight@2x.png */,
				73A9E545167AF4DC003A5FBD /* btn_radio_check_box@2x.png */,
				73A9E546167AF4DC003A5FBD /* btn_radio_check_box_selected@2x.png */,
			);
			path = Images;
			sourceTree = "<group>";
		};
		73A9E547167AF4DC003A5FBD /* Imp */ = {
			isa = PBXGroup;
			children = (
				73A9E548167AF4DC003A5FBD /* BaseCalendarDisableGridView.h */,
				73A9E549167AF4DC003A5FBD /* BaseCalendarDisableGridView.m */,
				73A9E54A167AF4DC003A5FBD /* BaseCalendarDisableGridView.xib */,
				73A9E54B167AF4DC003A5FBD /* BaseCalendarGridView.h */,
				73A9E54C167AF4DC003A5FBD /* BaseCalendarGridView.m */,
				73A9E54D167AF4DC003A5FBD /* BaseCalendarGridView.xib */,
				73A9E54E167AF4DC003A5FBD /* BaseCalendarViewFooterView.h */,
				73A9E54F167AF4DC003A5FBD /* BaseCalendarViewFooterView.m */,
				73A9E550167AF4DC003A5FBD /* BaseCalendarViewFooterView.xib */,
				73A9E551167AF4DC003A5FBD /* BaseCalendarViewHeaderView.h */,
				73A9E552167AF4DC003A5FBD /* BaseCalendarViewHeaderView.m */,
				73A9E553167AF4DC003A5FBD /* BaseCalendarViewHeaderView.xib */,
				73A9E554167AF4DC003A5FBD /* BaseDataSourceImp.h */,
				73A9E555167AF4DC003A5FBD /* BaseDataSourceImp.m */,
				73A9E556167AF4DC003A5FBD /* TrainCalendarDataSourceImp.h */,
				73A9E557167AF4DC003A5FBD /* TrainCalendarDataSourceImp.m */,
			);
			path = Imp;
			sourceTree = "<group>";
		};
		73A9E559167AF4DC003A5FBD /* Model */ = {
			isa = PBXGroup;
			children = (
				73A9E55A167AF4DC003A5FBD /* CalDay.h */,
				73A9E55B167AF4DC003A5FBD /* CalDay.m */,
				73A9E55C167AF4DC003A5FBD /* CalMonth.h */,
				73A9E55D167AF4DC003A5FBD /* CalMonth.m */,
				73A9E55E167AF4DC003A5FBD /* DateUtil.h */,
				73A9E55F167AF4DC003A5FBD /* DateUtil.m */,
			);
			path = Model;
			sourceTree = "<group>";
		};
		73A9E560167AF4DC003A5FBD /* Resource */ = {
			isa = PBXGroup;
			children = (
				73A9E561167AF4DC003A5FBD /* date_selected.png */,
				73A9E562167AF4DC003A5FBD /* date_selected@2x.png */,
				73A9E563167AF4DC003A5FBD /* datecell-diable.png */,
				73A9E564167AF4DC003A5FBD /* datecell-diable@2x.png */,
				73A9E565167AF4DC003A5FBD /* datecell.png */,
				73A9E566167AF4DC003A5FBD /* datecell@2x.png */,
				73A9E567167AF4DC003A5FBD /* icon_drugcheck_calendar.png */,
				73A9E568167AF4DC003A5FBD /* icon_drugcheck_calendar@2x.png */,
				73A9E569167AF4DC003A5FBD /* icon_fit_calendar.png */,
				73A9E56A167AF4DC003A5FBD /* icon_fit_calendar@2x.png */,
				73A9E56B167AF4DC003A5FBD /* icon_hospital_calendar.png */,
				73A9E56C167AF4DC003A5FBD /* icon_hospital_calendar@2x.png */,
				73A9E56D167AF4DC003A5FBD /* icon_record_calendar.png */,
				73A9E56E167AF4DC003A5FBD /* icon_record_calendar@2x.png */,
				73A9E56F167AF4DC003A5FBD /* todaycell.png */,
				73A9E570167AF4DC003A5FBD /* todaycell@2x.png */,
				17B5C6C6B8AFAACBFCF76710 /* navigationbar_right@2x.png */,
				17B5C1272887DED5D8007EA5 /* navigationbar_center@2x.png */,
				17B5CBD440A65A23FCD28A39 /* navigationbar@2x.png */,
				17B5C1748E403829C7191697 /* navigationbar_left.png */,
				17B5CC217228A8A221E55A5B /* navigationbar.png */,
				17B5C9007E0CBA50D6CEAA60 /* navigationbar_center.png */,
				17B5C25B2932AB11812889A9 /* navigationbar_background.png */,
				17B5C2948443F27B1610BEA7 /* navigationbar_set@2x.png */,
				17B5CDF51EDA582F5150C0A4 /* navigationbar_right.png */,
				17B5C1A8F791A1F73F8C49B6 /* navigationbar_left@2x.png */,
			);
			path = Resource;
			sourceTree = "<group>";
		};
/* End PBXGroup section */

/* Begin PBXNativeTarget section */
		73A9E4F3167AF4C5003A5FBD /* ZHJCalendar-sample */ = {
			isa = PBXNativeTarget;
			buildConfigurationList = 73A9E518167AF4C5003A5FBD /* Build configuration list for PBXNativeTarget "ZHJCalendar-sample" */;
			buildPhases = (
				73A9E4F0167AF4C5003A5FBD /* Sources */,
				73A9E4F1167AF4C5003A5FBD /* Frameworks */,
				73A9E4F2167AF4C5003A5FBD /* Resources */,
			);
			buildRules = (
			);
			dependencies = (
			);
			name = "ZHJCalendar-sample";
			productName = "ZHJCalendar-sample";
			productReference = 73A9E4F4167AF4C5003A5FBD /* ZHJCalendar-sample.app */;
			productType = "com.apple.product-type.application";
		};
/* End PBXNativeTarget section */

/* Begin PBXProject section */
		73A9E4EB167AF4C5003A5FBD /* Project object */ = {
			isa = PBXProject;
			attributes = {
				LastUpgradeCheck = 0450;
				ORGANIZATIONNAME = plusr;
			};
			buildConfigurationList = 73A9E4EE167AF4C5003A5FBD /* Build configuration list for PBXProject "ZHJCalendar-sample" */;
			compatibilityVersion = "Xcode 3.2";
			developmentRegion = English;
			hasScannedForEncodings = 0;
			knownRegions = (
				en,
			);
			mainGroup = 73A9E4E9167AF4C5003A5FBD;
			productRefGroup = 73A9E4F5167AF4C5003A5FBD /* Products */;
			projectDirPath = "";
			projectRoot = "";
			targets = (
				73A9E4F3167AF4C5003A5FBD /* ZHJCalendar-sample */,
			);
		};
/* End PBXProject section */

/* Begin PBXResourcesBuildPhase section */
		73A9E4F2167AF4C5003A5FBD /* Resources */ = {
			isa = PBXResourcesBuildPhase;
			buildActionMask = 2147483647;
			files = (
				73A9E503167AF4C5003A5FBD /* InfoPlist.strings in Resources */,
				73A9E50B167AF4C5003A5FBD /* Default.png in Resources */,
				73A9E50D167AF4C5003A5FBD /* Default@2x.png in Resources */,
				73A9E50F167AF4C5003A5FBD /* Default-568h@2x.png in Resources */,
				73A9E512167AF4C5003A5FBD /* MainStoryboard.storyboard in Resources */,
				73A9E574167AF4DC003A5FBD /* CalendarView.xib in Resources */,
				73A9E577167AF4DC003A5FBD /* bg_calendar@2x.png in Resources */,
				73A9E578167AF4DC003A5FBD /* bg_calendar_footer@2x.png in Resources */,
				73A9E579167AF4DC003A5FBD /* bg_calendar_header@2x.png in Resources */,
				73A9E57A167AF4DC003A5FBD /* bg_calendar_week_header@2x.png in Resources */,
				73A9E57B167AF4DC003A5FBD /* bg_grid@2x.png in Resources */,
				73A9E57C167AF4DC003A5FBD /* btn_choose_date_left_arrow@2x.png in Resources */,
				73A9E57D167AF4DC003A5FBD /* btn_choose_date_left_arrow_highlight@2x.png in Resources */,
				73A9E57E167AF4DC003A5FBD /* btn_choose_date_right_arrow@2x.png in Resources */,
				73A9E57F167AF4DC003A5FBD /* btn_choose_date_right_arrow_highlight@2x.png in Resources */,
				73A9E580167AF4DC003A5FBD /* btn_choose_departure_date@2x.png in Resources */,
				73A9E581167AF4DC003A5FBD /* btn_chose_date@2x.png in Resources */,
				73A9E582167AF4DC003A5FBD /* btn_chose_date_highlight@2x.png in Resources */,
				73A9E583167AF4DC003A5FBD /* btn_close_date@2x.png in Resources */,
				73A9E584167AF4DC003A5FBD /* btn_close_date_hihglight@2x.png in Resources */,
				73A9E585167AF4DC003A5FBD /* btn_grid@2x.png in Resources */,
				73A9E586167AF4DC003A5FBD /* btn_grid_cell@2x.png in Resources */,
				73A9E587167AF4DC003A5FBD /* btn_grid_cell_highlight@2x.png in Resources */,
				73A9E588167AF4DC003A5FBD /* btn_grid_cell_selected@2x.png in Resources */,
				73A9E589167AF4DC003A5FBD /* btn_grid_highlight@2x.png in Resources */,
				73A9E58A167AF4DC003A5FBD /* btn_grid_selected@2x.png in Resources */,
				73A9E58B167AF4DC003A5FBD /* btn_next_month@2x.png in Resources */,
				73A9E58C167AF4DC003A5FBD /* btn_next_month_highlight@2x.png in Resources */,
				73A9E58D167AF4DC003A5FBD /* btn_previous_month@2x.png in Resources */,
				73A9E58E167AF4DC003A5FBD /* btn_previous_month_highlight@2x.png in Resources */,
				73A9E58F167AF4DC003A5FBD /* btn_radio_check_box@2x.png in Resources */,
				73A9E590167AF4DC003A5FBD /* btn_radio_check_box_selected@2x.png in Resources */,
				73A9E592167AF4DC003A5FBD /* BaseCalendarDisableGridView.xib in Resources */,
				73A9E594167AF4DC003A5FBD /* BaseCalendarGridView.xib in Resources */,
				73A9E596167AF4DC003A5FBD /* BaseCalendarViewFooterView.xib in Resources */,
				73A9E598167AF4DC003A5FBD /* BaseCalendarViewHeaderView.xib in Resources */,
				73A9E59E167AF4DC003A5FBD /* date_selected.png in Resources */,
				73A9E59F167AF4DC003A5FBD /* date_selected@2x.png in Resources */,
				73A9E5A0167AF4DC003A5FBD /* datecell-diable.png in Resources */,
				73A9E5A1167AF4DC003A5FBD /* datecell-diable@2x.png in Resources */,
				73A9E5A2167AF4DC003A5FBD /* datecell.png in Resources */,
				73A9E5A3167AF4DC003A5FBD /* datecell@2x.png in Resources */,
				73A9E5A4167AF4DC003A5FBD /* icon_drugcheck_calendar.png in Resources */,
				73A9E5A5167AF4DC003A5FBD /* icon_drugcheck_calendar@2x.png in Resources */,
				73A9E5A6167AF4DC003A5FBD /* icon_fit_calendar.png in Resources */,
				73A9E5A7167AF4DC003A5FBD /* icon_fit_calendar@2x.png in Resources */,
				73A9E5A8167AF4DC003A5FBD /* icon_hospital_calendar.png in Resources */,
				73A9E5A9167AF4DC003A5FBD /* icon_hospital_calendar@2x.png in Resources */,
				73A9E5AA167AF4DC003A5FBD /* icon_record_calendar.png in Resources */,
				73A9E5AB167AF4DC003A5FBD /* icon_record_calendar@2x.png in Resources */,
				73A9E5AC167AF4DC003A5FBD /* todaycell.png in Resources */,
				73A9E5AD167AF4DC003A5FBD /* todaycell@2x.png in Resources */,
				17B5CE020B61CCE4E0CB02F4 /* navigationbar_right@2x.png in Resources */,
				17B5C1DF1C5DD2C64121C004 /* navigationbar_center@2x.png in Resources */,
				17B5C5251FEB9930F08A5C14 /* navigationbar@2x.png in Resources */,
				17B5C2F06E08BC72D0F37D73 /* navigationbar_left.png in Resources */,
				17B5C3E96E59B32E3F6982BF /* navigationbar.png in Resources */,
				17B5C53FFBADE194A2E13631 /* navigationbar_center.png in Resources */,
				17B5C0A613D3CAF7B1372DD4 /* navigationbar_background.png in Resources */,
				17B5C001ADB930FBF57DB8E5 /* navigationbar_set@2x.png in Resources */,
				17B5C2EAE0DEDC0397AFE6E5 /* navigationbar_right.png in Resources */,
				17B5CB9F1C37BCD4131C3FC2 /* navigationbar_left@2x.png in Resources */,
			);
			runOnlyForDeploymentPostprocessing = 0;
		};
/* End PBXResourcesBuildPhase section */

/* Begin PBXSourcesBuildPhase section */
		73A9E4F0167AF4C5003A5FBD /* Sources */ = {
			isa = PBXSourcesBuildPhase;
			buildActionMask = 2147483647;
			files = (
				73A9E505167AF4C5003A5FBD /* main.m in Sources */,
				73A9E509167AF4C5003A5FBD /* AppDelegate.m in Sources */,
				73A9E515167AF4C5003A5FBD /* ViewController.m in Sources */,
				73A9E571167AF4DC003A5FBD /* CalendarGridView.m in Sources */,
				73A9E572167AF4DC003A5FBD /* CalendarScrollView.m in Sources */,
				73A9E573167AF4DC003A5FBD /* CalendarView.m in Sources */,
				73A9E575167AF4DC003A5FBD /* CalendarViewFooterView.m in Sources */,
				73A9E576167AF4DC003A5FBD /* CalendarViewHeaderView.m in Sources */,
				73A9E591167AF4DC003A5FBD /* BaseCalendarDisableGridView.m in Sources */,
				73A9E593167AF4DC003A5FBD /* BaseCalendarGridView.m in Sources */,
				73A9E595167AF4DC003A5FBD /* BaseCalendarViewFooterView.m in Sources */,
				73A9E597167AF4DC003A5FBD /* BaseCalendarViewHeaderView.m in Sources */,
				73A9E599167AF4DC003A5FBD /* BaseDataSourceImp.m in Sources */,
				73A9E59A167AF4DC003A5FBD /* TrainCalendarDataSourceImp.m in Sources */,
				73A9E59B167AF4DC003A5FBD /* CalDay.m in Sources */,
				73A9E59C167AF4DC003A5FBD /* CalMonth.m in Sources */,
				73A9E59D167AF4DC003A5FBD /* DateUtil.m in Sources */,
			);
			runOnlyForDeploymentPostprocessing = 0;
		};
/* End PBXSourcesBuildPhase section */

/* Begin PBXVariantGroup section */
		73A9E501167AF4C5003A5FBD /* InfoPlist.strings */ = {
			isa = PBXVariantGroup;
			children = (
				73A9E502167AF4C5003A5FBD /* en */,
			);
			name = InfoPlist.strings;
			sourceTree = "<group>";
		};
		73A9E510167AF4C5003A5FBD /* MainStoryboard.storyboard */ = {
			isa = PBXVariantGroup;
			children = (
				73A9E511167AF4C5003A5FBD /* en */,
			);
			name = MainStoryboard.storyboard;
			sourceTree = "<group>";
		};
/* End PBXVariantGroup section */

/* Begin XCBuildConfiguration section */
		73A9E516167AF4C5003A5FBD /* Debug */ = {
			isa = XCBuildConfiguration;
			buildSettings = {
				ALWAYS_SEARCH_USER_PATHS = NO;
				CLANG_CXX_LANGUAGE_STANDARD = "gnu++0x";
				CLANG_CXX_LIBRARY = "libc++";
				CLANG_ENABLE_OBJC_ARC = YES;
				CLANG_WARN_EMPTY_BODY = YES;
				CLANG_WARN__DUPLICATE_METHOD_MATCH = YES;
				"CODE_SIGN_IDENTITY[sdk=iphoneos*]" = "iPhone Developer";
				COPY_PHASE_STRIP = NO;
				GCC_C_LANGUAGE_STANDARD = gnu99;
				GCC_DYNAMIC_NO_PIC = NO;
				GCC_OPTIMIZATION_LEVEL = 0;
				GCC_PREPROCESSOR_DEFINITIONS = (
					"DEBUG=1",
					"$(inherited)",
				);
				GCC_SYMBOLS_PRIVATE_EXTERN = NO;
				GCC_WARN_ABOUT_RETURN_TYPE = YES;
				GCC_WARN_UNINITIALIZED_AUTOS = YES;
				GCC_WARN_UNUSED_VARIABLE = YES;
				IPHONEOS_DEPLOYMENT_TARGET = 6.0;
				ONLY_ACTIVE_ARCH = YES;
				SDKROOT = iphoneos;
			};
			name = Debug;
		};
		73A9E517167AF4C5003A5FBD /* Release */ = {
			isa = XCBuildConfiguration;
			buildSettings = {
				ALWAYS_SEARCH_USER_PATHS = NO;
				CLANG_CXX_LANGUAGE_STANDARD = "gnu++0x";
				CLANG_CXX_LIBRARY = "libc++";
				CLANG_ENABLE_OBJC_ARC = YES;
				CLANG_WARN_EMPTY_BODY = YES;
				CLANG_WARN__DUPLICATE_METHOD_MATCH = YES;
				"CODE_SIGN_IDENTITY[sdk=iphoneos*]" = "iPhone Developer";
				COPY_PHASE_STRIP = YES;
				GCC_C_LANGUAGE_STANDARD = gnu99;
				GCC_WARN_ABOUT_RETURN_TYPE = YES;
				GCC_WARN_UNINITIALIZED_AUTOS = YES;
				GCC_WARN_UNUSED_VARIABLE = YES;
				IPHONEOS_DEPLOYMENT_TARGET = 6.0;
				OTHER_CFLAGS = "-DNS_BLOCK_ASSERTIONS=1";
				SDKROOT = iphoneos;
				VALIDATE_PRODUCT = YES;
			};
			name = Release;
		};
		73A9E519167AF4C5003A5FBD /* Debug */ = {
			isa = XCBuildConfiguration;
			buildSettings = {
				GCC_PRECOMPILE_PREFIX_HEADER = YES;
				GCC_PREFIX_HEADER = "ZHJCalendar-sample/ZHJCalendar-sample-Prefix.pch";
				INFOPLIST_FILE = "ZHJCalendar-sample/ZHJCalendar-sample-Info.plist";
				PRODUCT_NAME = "$(TARGET_NAME)";
				WRAPPER_EXTENSION = app;
			};
			name = Debug;
		};
		73A9E51A167AF4C5003A5FBD /* Release */ = {
			isa = XCBuildConfiguration;
			buildSettings = {
				GCC_PRECOMPILE_PREFIX_HEADER = YES;
				GCC_PREFIX_HEADER = "ZHJCalendar-sample/ZHJCalendar-sample-Prefix.pch";
				INFOPLIST_FILE = "ZHJCalendar-sample/ZHJCalendar-sample-Info.plist";
				PRODUCT_NAME = "$(TARGET_NAME)";
				WRAPPER_EXTENSION = app;
			};
			name = Release;
		};
/* End XCBuildConfiguration section */

/* Begin XCConfigurationList section */
		73A9E4EE167AF4C5003A5FBD /* Build configuration list for PBXProject "ZHJCalendar-sample" */ = {
			isa = XCConfigurationList;
			buildConfigurations = (
				73A9E516167AF4C5003A5FBD /* Debug */,
				73A9E517167AF4C5003A5FBD /* Release */,
			);
			defaultConfigurationIsVisible = 0;
			defaultConfigurationName = Release;
		};
		73A9E518167AF4C5003A5FBD /* Build configuration list for PBXNativeTarget "ZHJCalendar-sample" */ = {
			isa = XCConfigurationList;
			buildConfigurations = (
				73A9E519167AF4C5003A5FBD /* Debug */,
				73A9E51A167AF4C5003A5FBD /* Release */,
			);
			defaultConfigurationIsVisible = 0;
		};
/* End XCConfigurationList section */
	};
	rootObject = 73A9E4EB167AF4C5003A5FBD /* Project object */;
}
